
Microsoft Visual Studio Solution File, Format Version 12.00
# Visual Studio 2015
Project("{FAE04EC0-301F-11D3-BF4B-00C04F79EFBC}") = "SceneTransition.CSharp", "SceneTransition.CSharp.csproj", "{4312F1AA-6454-3CF9-D156-75BECACE2371}"
EndProject
Project("{FAE04EC0-301F-11D3-BF4B-00C04F79EFBC}") = "SceneTransition.CSharp.Editor", "SceneTransition.CSharp.Editor.csproj", "{3517AE0A-5191-C789-D1D4-4C29F9D16166}"
EndProject
Global
	GlobalSection(SolutionConfigurationPlatforms) = preSolution
		Debug|Any CPU = Debug|Any CPU
		Release|Any CPU = Release|Any CPU
	EndGlobalSection
	GlobalSection(ProjectConfigurationPlatforms) = postSolution
		{4312F1AA-6454-3CF9-D156-75BECACE2371}.Debug|Any CPU.ActiveCfg = Debug|Any CPU
		{4312F1AA-6454-3CF9-D156-75BECACE2371}.Debug|Any CPU.Build.0 = Debug|Any CPU
		{4312F1AA-6454-3CF9-D156-75BECACE2371}.Release|Any CPU.ActiveCfg = Release|Any CPU
		{4312F1AA-6454-3CF9-D156-75BECACE2371}.Release|Any CPU.Build.0 = Release|Any CPU
		{3517AE0A-5191-C789-D1D4-4C29F9D16166}.Debug|Any CPU.ActiveCfg = Debug|Any CPU
		{3517AE0A-5191-C789-D1D4-4C29F9D16166}.Debug|Any CPU.Build.0 = Debug|Any CPU
		{3517AE0A-5191-C789-D1D4-4C29F9D16166}.Release|Any CPU.ActiveCfg = Release|Any CPU
		{3517AE0A-5191-C789-D1D4-4C29F9D16166}.Release|Any CPU.Build.0 = Release|Any CPU
	EndGlobalSection
	GlobalSection(SolutionProperties) = preSolution
		HideSolutionNode = FALSE
	EndGlobalSection
EndGlobal
